// !$*UTF8*$!
{
	archiveVersion = 1;
	classes = {
	};
	objectVersion = 56;
	objects = {

/* Begin PBXBuildFile section */
		BB0000000000000000 /* PipTallyApp.swift in Sources */ = {isa = PBXBuildFile; fileRef = AA0000000000000000 /* PipTallyApp.swift */; };
		BB0000000000000001 /* GameConstants.swift in Sources */ = {isa = PBXBuildFile; fileRef = AA0000000000000001 /* GameConstants.swift */; };
		BB0000000000000002 /* ThemeColors.swift in Sources */ = {isa = PBXBuildFile; fileRef = AA0000000000000002 /* ThemeColors.swift */; };
		BB0000000000000003 /* DominoModels.swift in Sources */ = {isa = PBXBuildFile; fileRef = AA0000000000000003 /* DominoModels.swift */; };
		BB0000000000000004 /* PlayerAvatar.swift in Sources */ = {isa = PBXBuildFile; fileRef = AA0000000000000004 /* PlayerAvatar.swift */; };
		BB0000000000000005 /* DominoTile.swift in Sources */ = {isa = PBXBuildFile; fileRef = AA0000000000000005 /* DominoTile.swift */; };
		BB0000000000000006 /* ScoreboardTable.swift in Sources */ = {isa = PBXBuildFile; fileRef = AA0000000000000006 /* ScoreboardTable.swift */; };
		BB0000000000000007 /* ScoreEntryRow.swift in Sources */ = {isa = PBXBuildFile; fileRef = AA0000000000000007 /* ScoreEntryRow.swift */; };
		BB0000000000000008 /* HomeView.swift in Sources */ = {isa = PBXBuildFile; fileRef = AA0000000000000008 /* HomeView.swift */; };
		BB0000000000000009 /* PlayerListView.swift in Sources */ = {isa = PBXBuildFile; fileRef = AA0000000000000009 /* PlayerListView.swift */; };
		BB000000000000000A /* PlayerEditView.swift in Sources */ = {isa = PBXBuildFile; fileRef = AA000000000000000A /* PlayerEditView.swift */; };
		BB000000000000000B /* PlayerProfileView.swift in Sources */ = {isa = PBXBuildFile; fileRef = AA000000000000000B /* PlayerProfileView.swift */; };
		BB000000000000000C /* GameSetupView.swift in Sources */ = {isa = PBXBuildFile; fileRef = AA000000000000000C /* GameSetupView.swift */; };
		BB000000000000000D /* ActiveGameView.swift in Sources */ = {isa = PBXBuildFile; fileRef = AA000000000000000D /* ActiveGameView.swift */; };
		BB000000000000000E /* GameSummaryView.swift in Sources */ = {isa = PBXBuildFile; fileRef = AA000000000000000E /* GameSummaryView.swift */; };
		BB000000000000000F /* GameHistoryView.swift in Sources */ = {isa = PBXBuildFile; fileRef = AA000000000000000F /* GameHistoryView.swift */; };
		BB0000000000000010 /* SettingsView.swift in Sources */ = {isa = PBXBuildFile; fileRef = AA0000000000000010 /* SettingsView.swift */; };
/* End PBXBuildFile section */

/* Begin PBXFileReference section */
		DD0000000000000002 /* PipTally.app */ = {isa = PBXFileReference; explicitFileType = wrapper.application; includeInIndex = 0; path = PipTally.app; sourceTree = BUILT_PRODUCTS_DIR; };
		AA0000000000000000 /* PipTallyApp.swift */ = {isa = PBXFileReference; lastKnownFileType = sourcecode.swift; path = PipTallyApp.swift; sourceTree = "<group>"; };
		AA0000000000000001 /* GameConstants.swift */ = {isa = PBXFileReference; lastKnownFileType = sourcecode.swift; path = GameConstants.swift; sourceTree = "<group>"; };
		AA0000000000000002 /* ThemeColors.swift */ = {isa = PBXFileReference; lastKnownFileType = sourcecode.swift; path = ThemeColors.swift; sourceTree = "<group>"; };
		AA0000000000000003 /* DominoModels.swift */ = {isa = PBXFileReference; lastKnownFileType = sourcecode.swift; path = DominoModels.swift; sourceTree = "<group>"; };
		AA0000000000000004 /* PlayerAvatar.swift */ = {isa = PBXFileReference; lastKnownFileType = sourcecode.swift; path = PlayerAvatar.swift; sourceTree = "<group>"; };
		AA0000000000000005 /* DominoTile.swift */ = {isa = PBXFileReference; lastKnownFileType = sourcecode.swift; path = DominoTile.swift; sourceTree = "<group>"; };
		AA0000000000000006 /* ScoreboardTable.swift */ = {isa = PBXFileReference; lastKnownFileType = sourcecode.swift; path = ScoreboardTable.swift; sourceTree = "<group>"; };
		AA0000000000000007 /* ScoreEntryRow.swift */ = {isa = PBXFileReference; lastKnownFileType = sourcecode.swift; path = ScoreEntryRow.swift; sourceTree = "<group>"; };
		AA0000000000000008 /* HomeView.swift */ = {isa = PBXFileReference; lastKnownFileType = sourcecode.swift; path = HomeView.swift; sourceTree = "<group>"; };
		AA0000000000000009 /* PlayerListView.swift */ = {isa = PBXFileReference; lastKnownFileType = sourcecode.swift; path = PlayerListView.swift; sourceTree = "<group>"; };
		AA000000000000000A /* PlayerEditView.swift */ = {isa = PBXFileReference; lastKnownFileType = sourcecode.swift; path = PlayerEditView.swift; sourceTree = "<group>"; };
		AA000000000000000B /* PlayerProfileView.swift */ = {isa = PBXFileReference; lastKnownFileType = sourcecode.swift; path = PlayerProfileView.swift; sourceTree = "<group>"; };
		AA000000000000000C /* GameSetupView.swift */ = {isa = PBXFileReference; lastKnownFileType = sourcecode.swift; path = GameSetupView.swift; sourceTree = "<group>"; };
		AA000000000000000D /* ActiveGameView.swift */ = {isa = PBXFileReference; lastKnownFileType = sourcecode.swift; path = ActiveGameView.swift; sourceTree = "<group>"; };
		AA000000000000000E /* GameSummaryView.swift */ = {isa = PBXFileReference; lastKnownFileType = sourcecode.swift; path = GameSummaryView.swift; sourceTree = "<group>"; };
		AA000000000000000F /* GameHistoryView.swift */ = {isa = PBXFileReference; lastKnownFileType = sourcecode.swift; path = GameHistoryView.swift; sourceTree = "<group>"; };
		AA0000000000000010 /* SettingsView.swift */ = {isa = PBXFileReference; lastKnownFileType = sourcecode.swift; path = SettingsView.swift; sourceTree = "<group>"; };
/* End PBXFileReference section */

/* Begin PBXFrameworksBuildPhase section */
		DD0000000000000005 /* Frameworks */ = {
			isa = PBXFrameworksBuildPhase;
			buildActionMask = 2147483647;
			files = (
			);
			runOnlyForDeploymentPostprocessing = 0;
		};
/* End PBXFrameworksBuildPhase section */

/* Begin PBXGroup section */
		CC0000000000000001 = {
			isa = PBXGroup;
			children = (
				FF0000000000000001 /* PipTally */,
				DD0000000000000003 /* Products */,
			);
			sourceTree = "<group>";
		};
		DD0000000000000003 /* Products */ = {
			isa = PBXGroup;
			children = (
				DD0000000000000002 /* PipTally.app */,
			);
			name = Products;
			sourceTree = "<group>";
		};
		FF0000000000000001 /* PipTally */ = {
			isa = PBXGroup;
			children = (
				AA0000000000000000 /* PipTallyApp.swift */,
				FF0000000000000005 /* Utils */,
				FF0000000000000002 /* Models */,
				FF0000000000000003 /* Views */,
			);
			path = PipTally;
			sourceTree = "<group>";
		};
		FF0000000000000002 /* Models */ = {
			isa = PBXGroup;
			children = (
				AA0000000000000003 /* DominoModels.swift */,
			);
			path = Models;
			sourceTree = "<group>";
		};
		FF0000000000000005 /* Utils */ = {
			isa = PBXGroup;
			children = (
				AA0000000000000001 /* GameConstants.swift */,
				AA0000000000000002 /* ThemeColors.swift */,
			);
			path = Utils;
			sourceTree = "<group>";
		};
		FF0000000000000003 /* Views */ = {
			isa = PBXGroup;
			children = (
				FF0000000000000004 /* Components */,
				AA0000000000000008 /* HomeView.swift */,
				AA0000000000000009 /* PlayerListView.swift */,
				AA000000000000000A /* PlayerEditView.swift */,
				AA000000000000000B /* PlayerProfileView.swift */,
				AA000000000000000C /* GameSetupView.swift */,
				AA000000000000000D /* ActiveGameView.swift */,
				AA000000000000000E /* GameSummaryView.swift */,
				AA000000000000000F /* GameHistoryView.swift */,
				AA0000000000000010 /* SettingsView.swift */,
			);
			path = Views;
			sourceTree = "<group>";
		};
		FF0000000000000004 /* Components */ = {
			isa = PBXGroup;
			children = (
				AA0000000000000004 /* PlayerAvatar.swift */,
				AA0000000000000005 /* DominoTile.swift */,
				AA0000000000000006 /* ScoreboardTable.swift */,
				AA0000000000000007 /* ScoreEntryRow.swift */,
			);
			path = Components;
			sourceTree = "<group>";
		};
/* End PBXGroup section */

/* Begin PBXNativeTarget section */
		DD0000000000000001 /* PipTally */ = {
			isa = PBXNativeTarget;
			buildConfigurationList = EE0000000000000004 /* Build configuration list for PBXNativeTarget "PipTally" */;
			buildPhases = (
				DD0000000000000004 /* Sources */,
				DD0000000000000005 /* Frameworks */,
				DD0000000000000006 /* Resources */,
			);
			buildRules = (
			);
			name = PipTally;
			productName = PipTally;
			productReference = DD0000000000000002 /* PipTally.app */;
			productType = "com.apple.product-type.application";
		};
/* End PBXNativeTarget section */

/* Begin PBXProject section */
		CC0000000000000002 /* Project object */ = {
			isa = PBXProject;
			attributes = {
				BuildIndependentTargetsInParallel = 1;
				LastSwiftUpdateCheck = 1500;
				LastUpgradeCheck = 1500;
				TargetAttributes = {
					DD0000000000000001 = {
						CreatedOnToolsVersion = 15.0;
						LastSwiftMigration = 1500;
					};
				};
			};
			buildConfigurationList = EE0000000000000001 /* Build configuration list for PBXProject "PipTally" */;
			compatibilityVersion = "Xcode 14.0";
			developmentRegion = en;
			hasScannedForEncodings = 0;
			knownRegions = (
				en,
				Base,
			);
			mainGroup = CC0000000000000001;
			productRefGroup = DD0000000000000003 /* Products */;
			projectDirPath = "";
			projectRoot = "";
			targets = (
				DD0000000000000001 /* PipTally */,
			);
		};
/* End PBXProject section */

/* Begin PBXResourcesBuildPhase section */
		DD0000000000000006 /* Resources */ = {
			isa = PBXResourcesBuildPhase;
			buildActionMask = 2147483647;
			files = (
			);
			runOnlyForDeploymentPostprocessing = 0;
		};
/* End PBXResourcesBuildPhase section */

/* Begin PBXSourcesBuildPhase section */
		DD0000000000000004 /* Sources */ = {
			isa = PBXSourcesBuildPhase;
			buildActionMask = 2147483647;
			files = (
				BB0000000000000000 /* PipTallyApp.swift in Sources */,
				BB0000000000000001 /* GameConstants.swift in Sources */,
				BB0000000000000002 /* ThemeColors.swift in Sources */,
				BB0000000000000003 /* DominoModels.swift in Sources */,
				BB0000000000000004 /* PlayerAvatar.swift in Sources */,
				BB0000000000000005 /* DominoTile.swift in Sources */,
				BB0000000000000006 /* ScoreboardTable.swift in Sources */,
				BB0000000000000007 /* ScoreEntryRow.swift in Sources */,
				BB0000000000000008 /* HomeView.swift in Sources */,
				BB0000000000000009 /* PlayerListView.swift in Sources */,
				BB000000000000000A /* PlayerEditView.swift in Sources */,
				BB000000000000000B /* PlayerProfileView.swift in Sources */,
				BB000000000000000C /* GameSetupView.swift in Sources */,
				BB000000000000000D /* ActiveGameView.swift in Sources */,
				BB000000000000000E /* GameSummaryView.swift in Sources */,
				BB000000000000000F /* GameHistoryView.swift in Sources */,
				BB0000000000000010 /* SettingsView.swift in Sources */,
			);
			runOnlyForDeploymentPostprocessing = 0;
		};
/* End PBXSourcesBuildPhase section */

/* Begin XCBuildConfiguration section */
		EE0000000000000002 /* Debug */ = {
			isa = XCBuildConfiguration;
			buildSettings = {
				ALWAYS_SEARCH_USER_PATHS = NO;
				ASSETCATALOG_COMPILER_GENERATE_SWIFT_ASSET_SYMBOL_EXTENSIONS = YES;
				CLANG_ANALYZER_NONNULL = YES;
				CLANG_ANALYZER_NUMBER_OBJECT_CONVERSION = YES_AGGRESSIVE;
				CLANG_CXX_LANGUAGE_STANDARD = "gnu++20";
				CLANG_CXX_LIBRARY = "libc++";
				CLANG_ENABLE_MODULES = YES;
				CLANG_ENABLE_OBJC_ARC = YES;
				CLANG_ENABLE_OBJC_WEAK = YES;
				CLANG_WARN_BLOCK_CAPTURE_AUTORELEASING = YES;
				CLANG_WARN_BOOL_CONVERSION = YES;
				CLANG_WARN_COMMA = YES;
				CLANG_WARN_CONSTANT_CONVERSION = YES;
				CLANG_WARN_DEPRECATED_OBJC_IMPLEMENTATIONS = YES;
				CLANG_WARN_DIRECT_OBJC_PREPROCESSOR_DEFINITIONS = YES;
				CLANG_WARN_DOCUMENTATION_COMMENTS = YES;
				CLANG_WARN_EMPTY_BODY = YES;
				CLANG_WARN_ENUM_CONVERSION = YES;
				CLANG_WARN_INFINITE_RECURSION = YES;
				CLANG_WARN_INT_CONVERSION = YES;
				CLANG_WARN_NON_LITERAL_NULL_CONVERSION = YES;
				CLANG_WARN_OBJC_IMPLICIT_RETAIN_SELF = YES;
				CLANG_WARN_OBJC_LITERAL_CONVERSION = YES;
				CLANG_WARN_OBJC_ROOT_CLASS = YES_ERROR;
				CLANG_WARN_QUICKTIME_CONVERSION = YES;
				CLANG_WARN_RANGE_LOOP_ANALYSIS = YES;
				CLANG_WARN_STRICT_PROTOTYPES = YES;
				CLANG_WARN_SUSPICIOUS_MOVE = YES;
				CLANG_WARN_UNGUARDED_AVAILABILITY = YES_AGGRESSIVE;
				CLANG_WARN_UNREACHABLE_CODE = YES;
				CLANG_WARN__DUPLICATE_METHOD_MATCH = YES;
				COPY_PHASE_STRIP = NO;
				DEBUG_INFORMATION_FORMAT = dwarf;
				ENABLE_STRICT_OBJC_MSGSEND = YES;
				ENABLE_TESTABILITY = YES;
				ENABLE_USER_SCRIPT_SANDBOXING = NO;
				GCC_C_LANGUAGE_STANDARD = gnu17;
				GCC_DYNAMIC_NO_PIC = NO;
				GCC_NO_COMMON_BLOCKS = YES;
				GCC_OPTIMIZATION_LEVEL = 0;
				GCC_PREPROCESSOR_DEFINITIONS = (
					"DEBUG=1",
					"$(inherited)",
				);
				GCC_WARN_64_TO_32_BIT_CONVERSION = YES;
				GCC_WARN_ABOUT_RETURN_TYPE = GCC_WARN_ABOUT_RETURN_TYPE;
				GCC_WARN_UNDECLARED_SELECTOR = YES;
				GCC_WARN_UNINITIALIZED_ACTUAL = YES_AGGRESSIVE;
				GCC_WARN_UNUSED_FUNCTION = YES;
				GCC_WARN_UNUSED_VARIABLE = YES;
				IPHONEOS_DEPLOYMENT_TARGET = 17.0;
				MTL_ENABLE_DEBUG_INFO = INCLUDE_SOURCE;
				MTL_FAST_MATH = YES;
				ONLY_ACTIVE_ARCH = YES;
				SDKROOT = iphoneos;
				SWIFT_ACTIVE_COMPILATION_CONDITIONS = DEBUG;
				SWIFT_OPTIMIZATION_LEVEL = "-Onone";
			};
			name = Debug;
		};
		EE0000000000000003 /* Release */ = {
			isa = XCBuildConfiguration;
			buildSettings = {
				ALWAYS_SEARCH_USER_PATHS = NO;
				ASSETCATALOG_COMPILER_GENERATE_SWIFT_ASSET_SYMBOL_EXTENSIONS = YES;
				CLANG_ANALYZER_NONNULL = YES;
				CLANG_ANALYZER_NUMBER_OBJECT_CONVERSION = YES_AGGRESSIVE;
				CLANG_CXX_LANGUAGE_STANDARD = "gnu++20";
				CLANG_CXX_LIBRARY = "libc++";
				CLANG_ENABLE_MODULES = YES;
				CLANG_ENABLE_OBJC_ARC = YES;
				CLANG_ENABLE_OBJC_WEAK = YES;
				CLANG_WARN_BLOCK_CAPTURE_AUTORELEASING = YES;
				CLANG_WARN_BOOL_CONVERSION = YES;
				CLANG_WARN_COMMA = YES;
				CLANG_WARN_CONSTANT_CONVERSION = YES;
				CLANG_WARN_DEPRECATED_OBJC_IMPLEMENTATIONS = YES;
				CLANG_WARN_DIRECT_OBJC_PREPROCESSOR_DEFINITIONS = YES;
				CLANG_WARN_DOCUMENTATION_COMMENTS = YES;
				CLANG_WARN_EMPTY_BODY = YES;
				CLANG_WARN_ENUM_CONVERSION = YES;
				CLANG_WARN_INFINITE_RECURSION = YES;
				CLANG_WARN_INT_CONVERSION = YES;
				CLANG_WARN_NON_LITERAL_NULL_CONVERSION = YES;
				CLANG_WARN_OBJC_IMPLICIT_RETAIN_SELF = YES;
				CLANG_WARN_OBJC_LITERAL_CONVERSION = YES;
				CLANG_WARN_OBJC_ROOT_CLASS = YES_ERROR;
				CLANG_WARN_QUICKTIME_CONVERSION = YES;
				CLANG_WARN_RANGE_LOOP_ANALYSIS = YES;
				CLANG_WARN_STRICT_PROTOTYPES = YES;
				CLANG_WARN_SUSPICIOUS_MOVE = YES;
				CLANG_WARN_UNGUARDED_AVAILABILITY = YES_AGGRESSIVE;
				CLANG_WARN_UNREACHABLE_CODE = YES;
				CLANG_WARN__DUPLICATE_METHOD_MATCH = YES;
				COPY_PHASE_STRIP = YES;
				DEBUG_INFORMATION_FORMAT = "dwarf-with-dsym";
				ENABLE_STRICT_OBJC_MSGSEND = YES;
				ENABLE_USER_SCRIPT_SANDBOXING = NO;
				GCC_C_LANGUAGE_STANDARD = gnu17;
				GCC_NO_COMMON_BLOCKS = YES;
				GCC_WARN_64_TO_32_BIT_CONVERSION = YES;
				GCC_WARN_ABOUT_RETURN_TYPE = GCC_WARN_ABOUT_RETURN_TYPE;
				GCC_WARN_UNDECLARED_SELECTOR = YES;
				GCC_WARN_UNINITIALIZED_ACTUAL = YES_AGGRESSIVE;
				GCC_WARN_UNUSED_FUNCTION = YES;
				GCC_WARN_UNUSED_VARIABLE = YES;
				IPHONEOS_DEPLOYMENT_TARGET = 17.0;
				MTL_ENABLE_DEBUG_INFO = NO;
				MTL_FAST_MATH = YES;
				SDKROOT = iphoneos;
				SWIFT_COMPILATION_MODE = wholemodule;
				SWIFT_OPTIMIZATION_LEVEL = "-O";
			};
			name = Release;
		};
		EE0000000000000005 /* Debug */ = {
			isa = XCBuildConfiguration;
			buildSettings = {
				ASSETCATALOG_COMPILER_APPICON_NAME = AppIcon;
				ASSETCATALOG_COMPILER_GLOBAL_ACCENT_COLOR_NAME = AccentColor;
				CODE_SIGN_STYLE = Automatic;
				CURRENT_PROJECT_VERSION = 1;
				DEVELOPMENT_ASSET_PATHS = "";
				ENABLE_PREVIEWS = YES;
				GENERATE_INFOPLIST_FILE = YES;
				INFOPLIST_KEY_UIApplicationSceneManifest_Generation = YES;
				INFOPLIST_KEY_UILaunchScreen_Generation = YES;
				IPHONEOS_DEPLOYMENT_TARGET = 17.0;
				LD_RUNPATH_SEARCH_PATHS = (
					"$(inherited)",
					"@executable_path/Frameworks",
				);
				MARKETING_VERSION = 1.0;
				PRODUCT_BUNDLE_IDENTIFIER = app.piptally;
				PRODUCT_NAME = "$(TARGET_NAME)";
				SUPPORTED_PLATFORMS = "iphoneos iphonesimulator";
				SUPPORTS_MACCATALYST = NO;
				SWIFT_EMIT_LOC_STRINGS = YES;
				SWIFT_VERSION = 5.0;
				TARGETED_DEVICE_FAMILY = "1,2";
			};
			name = Debug;
		};
		EE0000000000000006 /* Release */ = {
			isa = XCBuildConfiguration;
			buildSettings = {
				ASSETCATALOG_COMPILER_APPICON_NAME = AppIcon;
				ASSETCATALOG_COMPILER_GLOBAL_ACCENT_COLOR_NAME = AccentColor;
				CODE_SIGN_STYLE = Automatic;
				CURRENT_PROJECT_VERSION = 1;
				DEVELOPMENT_ASSET_PATHS = "";
				ENABLE_PREVIEWS = YES;
				GENERATE_INFOPLIST_FILE = YES;
				INFOPLIST_KEY_UIApplicationSceneManifest_Generation = YES;
				INFOPLIST_KEY_UILaunchScreen_Generation = YES;
				IPHONEOS_DEPLOYMENT_TARGET = 17.0;
				LD_RUNPATH_SEARCH_PATHS = (
					"$(inherited)",
					"@executable_path/Frameworks",
				);
				MARKETING_VERSION = 1.0;
				PRODUCT_BUNDLE_IDENTIFIER = app.piptally;
				PRODUCT_NAME = "$(TARGET_NAME)";
				SUPPORTED_PLATFORMS = "iphoneos iphonesimulator";
				SUPPORTS_MACCATALYST = NO;
				SWIFT_EMIT_LOC_STRINGS = YES;
				SWIFT_VERSION = 5.0;
				TARGETED_DEVICE_FAMILY = "1,2";
			};
			name = Release;
		};
/* End XCBuildConfiguration section */

/* Begin XCConfigurationList section */
		EE0000000000000001 /* Build configuration list for PBXProject "PipTally" */ = {
			isa = XCConfigurationList;
			buildConfigurations = (
				EE0000000000000002 /* Debug */,
				EE0000000000000003 /* Release */,
			);
			defaultConfigurationIsVisible = 0;
			defaultConfigurationName = Release;
		};
		EE0000000000000004 /* Build configuration list for PBXNativeTarget "PipTally" */ = {
			isa = XCConfigurationList;
			buildConfigurations = (
				EE0000000000000005 /* Debug */,
				EE0000000000000006 /* Release */,
			);
			defaultConfigurationIsVisible = 0;
			defaultConfigurationName = Release;
		};
/* End XCConfigurationList section */
	};
	rootObject = CC0000000000000002 /* Project object */;
}
